
Microsoft Visual Studio Solution File, Format Version 12.00
# Visual Studio Version 16
VisualStudioVersion = 16.0.31624.102
MinimumVisualStudioVersion = 10.0.40219.1
Project("{FAE04EC0-301F-11D3-BF4B-00C04F79EFBC}") = "clikinsCalendar", "clikinsCalendar\clikinsCalendar.csproj", "{758C13A6-6044-4C58-B80C-1575ADD7B03D}"
EndProject
Project("{2150E333-8FDC-42A3-9474-1A3956D46DE8}") = "Solution Items", "Solution Items", "{33E6B9B0-35F4-4AA2-B4EE-09D668ACC5BC}"
	ProjectSection(SolutionItems) = preProject
		.editorconfig = .editorconfig
	EndProjectSection
EndProject
Project("{FAE04EC0-301F-11D3-BF4B-00C04F79EFBC}") = "UnitTestCalendar", "UnitTestCalendar\UnitTestCalendar.csproj", "{7999DDC6-BE2F-441D-8745-A5DE323A54E0}"
EndProject
Global
	GlobalSection(SolutionConfigurationPlatforms) = preSolution
		Debug|Any CPU = Debug|Any CPU
		Release|Any CPU = Release|Any CPU
	EndGlobalSection
	GlobalSection(ProjectConfigurationPlatforms) = postSolution
		{758C13A6-6044-4C58-B80C-1575ADD7B03D}.Debug|Any CPU.ActiveCfg = Debug|Any CPU
		{758C13A6-6044-4C58-B80C-1575ADD7B03D}.Debug|Any CPU.Build.0 = Debug|Any CPU
		{758C13A6-6044-4C58-B80C-1575ADD7B03D}.Release|Any CPU.ActiveCfg = Release|Any CPU
		{758C13A6-6044-4C58-B80C-1575ADD7B03D}.Release|Any CPU.Build.0 = Release|Any CPU
		{7999DDC6-BE2F-441D-8745-A5DE323A54E0}.Debug|Any CPU.ActiveCfg = Debug|Any CPU
		{7999DDC6-BE2F-441D-8745-A5DE323A54E0}.Debug|Any CPU.Build.0 = Debug|Any CPU
		{7999DDC6-BE2F-441D-8745-A5DE323A54E0}.Release|Any CPU.ActiveCfg = Release|Any CPU
		{7999DDC6-BE2F-441D-8745-A5DE323A54E0}.Release|Any CPU.Build.0 = Release|Any CPU
	EndGlobalSection
	GlobalSection(SolutionProperties) = preSolution
		HideSolutionNode = FALSE
	EndGlobalSection
	GlobalSection(ExtensibilityGlobals) = postSolution
		SolutionGuid = {BB174819-1004-4BDE-9D7D-E3BE8D329521}
	EndGlobalSection
EndGlobal
